
Microsoft Visual Studio Solution File, Format Version 12.00
# Visual Studio Version 16
VisualStudioVersion = 16.0.30413.136
MinimumVisualStudioVersion = 10.0.40219.1
Project("{2150E333-8FDC-42A3-9474-1A3956D46DE8}") = "ApiGateway", "ApiGateway", "{37A4F89D-5940-451A-8B3A-D1E406C41AD8}"
EndProject
Project("{2150E333-8FDC-42A3-9474-1A3956D46DE8}") = "Identity", "Identity", "{1DC6581A-56E6-4D33-B5FC-EEBDA2F80229}"
EndProject
Project("{9A19103F-16F7-4668-BE54-9A1E7A4F7556}") = "MBP.Identity", "Identity\MBP.Identity\MBP.Identity.csproj", "{EE6FB68C-3EA1-42D9-AE0D-989D47170DA0}"
EndProject
Project("{2150E333-8FDC-42A3-9474-1A3956D46DE8}") = "User", "User", "{A1DB7A59-7FEA-4BF3-8DC5-1AEA653789CD}"
EndProject
Project("{9A19103F-16F7-4668-BE54-9A1E7A4F7556}") = "MBP.User", "User\MBP.User\MBP.User.csproj", "{C903BAA4-F0AA-4D76-BBB1-A9F28B1A5405}"
EndProject
Project("{2150E333-8FDC-42A3-9474-1A3956D46DE8}") = "Shared", "Shared", "{27E712BA-F248-420F-9EF3-31B887683C44}"
EndProject
Project("{9A19103F-16F7-4668-BE54-9A1E7A4F7556}") = "MBP.Common", "Shared\MBP.Common\MBP.Common.csproj", "{00D30BBB-1362-4A9F-8A16-03875659B749}"
EndProject
Project("{9A19103F-16F7-4668-BE54-9A1E7A4F7556}") = "MBP.Contracts", "Shared\MBP.Contracts\MBP.Contracts.csproj", "{F12CD0BB-39FE-4DF6-BF0E-E1D362E02364}"
EndProject
Project("{9A19103F-16F7-4668-BE54-9A1E7A4F7556}") = "MBP.Localization", "Shared\MBP.Localization\MBP.Localization.csproj", "{9EDD555F-EF2C-46E3-977D-15D48981BFB3}"
EndProject
Project("{9A19103F-16F7-4668-BE54-9A1E7A4F7556}") = "MBP.Mail", "Shared\MBP.Mail\MBP.Mail.csproj", "{0D12D1D6-C866-441B-9895-54A89FC7F14F}"
EndProject
Project("{9A19103F-16F7-4668-BE54-9A1E7A4F7556}") = "MBP.ApiGateway", "ApiGateway\MBP.ApiGateway\MBP.ApiGateway.csproj", "{DF7C394E-AFFC-4A40-8AB7-7705176C80FE}"
EndProject
Project("{9A19103F-16F7-4668-BE54-9A1E7A4F7556}") = "MBP.User.Data", "User\MBP.User.Data\MBP.User.Data.csproj", "{EC938B80-1B56-4DE3-84E6-DDB50E6DB415}"
EndProject
Project("{9A19103F-16F7-4668-BE54-9A1E7A4F7556}") = "MBP.User.Domain", "User\MBP.User.Domain\MBP.User.Domain.csproj", "{AB73905C-BD81-4397-AD77-D0238330CC31}"
EndProject
Project("{9A19103F-16F7-4668-BE54-9A1E7A4F7556}") = "MBP.SMS", "Shared\MBP.SMS\MBP.SMS.csproj", "{6D096333-FFC8-4A78-ADEA-139219F22644}"
EndProject
Project("{9A19103F-16F7-4668-BE54-9A1E7A4F7556}") = "MBP.User.Service", "User\MBP.User.Service\MBP.User.Service.csproj", "{FCBA864C-1F68-4EB5-B987-D040CA10A448}"
EndProject
Project("{9A19103F-16F7-4668-BE54-9A1E7A4F7556}") = "MBP.User.Infrastructure", "User\MBP.User.Infrastructure\MBP.User.Infrastructure.csproj", "{C921406E-A9CC-46AE-AAAA-60B955766D45}"
EndProject
Project("{9A19103F-16F7-4668-BE54-9A1E7A4F7556}") = "MBP.EntityFramework", "Shared\MBP.EntityFramework\MBP.EntityFramework.csproj", "{A02C435E-A822-45B8-8419-FE3B7D26BE90}"
EndProject
Project("{FAE04EC0-301F-11D3-BF4B-00C04F79EFBC}") = "MBP.Identity.Data", "Identity\MBP.Identity.Data\MBP.Identity.Data.csproj", "{41E6379A-3539-4FA0-947E-A15ACD0187FB}"
EndProject
Project("{FAE04EC0-301F-11D3-BF4B-00C04F79EFBC}") = "MBP.Identity.Infrastructure", "Identity\MBP.Identity.Infrastructure\MBP.Identity.Infrastructure.csproj", "{2D35DD2B-F8B4-40E8-9440-B47310F41A01}"
EndProject
Project("{FAE04EC0-301F-11D3-BF4B-00C04F79EFBC}") = "MBP.Identity.Service", "Identity\MBP.Identity.Service\MBP.Identity.Service.csproj", "{B6B4D41B-7AF0-4436-A03C-E8CD86CAA6B3}"
EndProject
Global
	GlobalSection(SolutionConfigurationPlatforms) = preSolution
		Debug|Any CPU = Debug|Any CPU
		Release|Any CPU = Release|Any CPU
	EndGlobalSection
	GlobalSection(ProjectConfigurationPlatforms) = postSolution
		{EE6FB68C-3EA1-42D9-AE0D-989D47170DA0}.Debug|Any CPU.ActiveCfg = Debug|Any CPU
		{EE6FB68C-3EA1-42D9-AE0D-989D47170DA0}.Debug|Any CPU.Build.0 = Debug|Any CPU
		{EE6FB68C-3EA1-42D9-AE0D-989D47170DA0}.Release|Any CPU.ActiveCfg = Release|Any CPU
		{EE6FB68C-3EA1-42D9-AE0D-989D47170DA0}.Release|Any CPU.Build.0 = Release|Any CPU
		{C903BAA4-F0AA-4D76-BBB1-A9F28B1A5405}.Debug|Any CPU.ActiveCfg = Debug|Any CPU
		{C903BAA4-F0AA-4D76-BBB1-A9F28B1A5405}.Debug|Any CPU.Build.0 = Debug|Any CPU
		{C903BAA4-F0AA-4D76-BBB1-A9F28B1A5405}.Release|Any CPU.ActiveCfg = Release|Any CPU
		{C903BAA4-F0AA-4D76-BBB1-A9F28B1A5405}.Release|Any CPU.Build.0 = Release|Any CPU
		{00D30BBB-1362-4A9F-8A16-03875659B749}.Debug|Any CPU.ActiveCfg = Debug|Any CPU
		{00D30BBB-1362-4A9F-8A16-03875659B749}.Debug|Any CPU.Build.0 = Debug|Any CPU
		{00D30BBB-1362-4A9F-8A16-03875659B749}.Release|Any CPU.ActiveCfg = Release|Any CPU
		{00D30BBB-1362-4A9F-8A16-03875659B749}.Release|Any CPU.Build.0 = Release|Any CPU
		{F12CD0BB-39FE-4DF6-BF0E-E1D362E02364}.Debug|Any CPU.ActiveCfg = Debug|Any CPU
		{F12CD0BB-39FE-4DF6-BF0E-E1D362E02364}.Debug|Any CPU.Build.0 = Debug|Any CPU
		{F12CD0BB-39FE-4DF6-BF0E-E1D362E02364}.Release|Any CPU.ActiveCfg = Release|Any CPU
		{F12CD0BB-39FE-4DF6-BF0E-E1D362E02364}.Release|Any CPU.Build.0 = Release|Any CPU
		{9EDD555F-EF2C-46E3-977D-15D48981BFB3}.Debug|Any CPU.ActiveCfg = Debug|Any CPU
		{9EDD555F-EF2C-46E3-977D-15D48981BFB3}.Debug|Any CPU.Build.0 = Debug|Any CPU
		{9EDD555F-EF2C-46E3-977D-15D48981BFB3}.Release|Any CPU.ActiveCfg = Release|Any CPU
		{9EDD555F-EF2C-46E3-977D-15D48981BFB3}.Release|Any CPU.Build.0 = Release|Any CPU
		{0D12D1D6-C866-441B-9895-54A89FC7F14F}.Debug|Any CPU.ActiveCfg = Debug|Any CPU
		{0D12D1D6-C866-441B-9895-54A89FC7F14F}.Debug|Any CPU.Build.0 = Debug|Any CPU
		{0D12D1D6-C866-441B-9895-54A89FC7F14F}.Release|Any CPU.ActiveCfg = Release|Any CPU
		{0D12D1D6-C866-441B-9895-54A89FC7F14F}.Release|Any CPU.Build.0 = Release|Any CPU
		{DF7C394E-AFFC-4A40-8AB7-7705176C80FE}.Debug|Any CPU.ActiveCfg = Debug|Any CPU
		{DF7C394E-AFFC-4A40-8AB7-7705176C80FE}.Debug|Any CPU.Build.0 = Debug|Any CPU
		{DF7C394E-AFFC-4A40-8AB7-7705176C80FE}.Release|Any CPU.ActiveCfg = Release|Any CPU
		{DF7C394E-AFFC-4A40-8AB7-7705176C80FE}.Release|Any CPU.Build.0 = Release|Any CPU
		{EC938B80-1B56-4DE3-84E6-DDB50E6DB415}.Debug|Any CPU.ActiveCfg = Debug|Any CPU
		{EC938B80-1B56-4DE3-84E6-DDB50E6DB415}.Debug|Any CPU.Build.0 = Debug|Any CPU
		{EC938B80-1B56-4DE3-84E6-DDB50E6DB415}.Release|Any CPU.ActiveCfg = Release|Any CPU
		{EC938B80-1B56-4DE3-84E6-DDB50E6DB415}.Release|Any CPU.Build.0 = Release|Any CPU
		{AB73905C-BD81-4397-AD77-D0238330CC31}.Debug|Any CPU.ActiveCfg = Debug|Any CPU
		{AB73905C-BD81-4397-AD77-D0238330CC31}.Debug|Any CPU.Build.0 = Debug|Any CPU
		{AB73905C-BD81-4397-AD77-D0238330CC31}.Release|Any CPU.ActiveCfg = Release|Any CPU
		{AB73905C-BD81-4397-AD77-D0238330CC31}.Release|Any CPU.Build.0 = Release|Any CPU
		{6D096333-FFC8-4A78-ADEA-139219F22644}.Debug|Any CPU.ActiveCfg = Debug|Any CPU
		{6D096333-FFC8-4A78-ADEA-139219F22644}.Debug|Any CPU.Build.0 = Debug|Any CPU
		{6D096333-FFC8-4A78-ADEA-139219F22644}.Release|Any CPU.ActiveCfg = Release|Any CPU
		{6D096333-FFC8-4A78-ADEA-139219F22644}.Release|Any CPU.Build.0 = Release|Any CPU
		{FCBA864C-1F68-4EB5-B987-D040CA10A448}.Debug|Any CPU.ActiveCfg = Debug|Any CPU
		{FCBA864C-1F68-4EB5-B987-D040CA10A448}.Debug|Any CPU.Build.0 = Debug|Any CPU
		{FCBA864C-1F68-4EB5-B987-D040CA10A448}.Release|Any CPU.ActiveCfg = Release|Any CPU
		{FCBA864C-1F68-4EB5-B987-D040CA10A448}.Release|Any CPU.Build.0 = Release|Any CPU
		{C921406E-A9CC-46AE-AAAA-60B955766D45}.Debug|Any CPU.ActiveCfg = Debug|Any CPU
		{C921406E-A9CC-46AE-AAAA-60B955766D45}.Debug|Any CPU.Build.0 = Debug|Any CPU
		{C921406E-A9CC-46AE-AAAA-60B955766D45}.Release|Any CPU.ActiveCfg = Release|Any CPU
		{C921406E-A9CC-46AE-AAAA-60B955766D45}.Release|Any CPU.Build.0 = Release|Any CPU
		{A02C435E-A822-45B8-8419-FE3B7D26BE90}.Debug|Any CPU.ActiveCfg = Debug|Any CPU
		{A02C435E-A822-45B8-8419-FE3B7D26BE90}.Debug|Any CPU.Build.0 = Debug|Any CPU
		{A02C435E-A822-45B8-8419-FE3B7D26BE90}.Release|Any CPU.ActiveCfg = Release|Any CPU
		{A02C435E-A822-45B8-8419-FE3B7D26BE90}.Release|Any CPU.Build.0 = Release|Any CPU
		{41E6379A-3539-4FA0-947E-A15ACD0187FB}.Debug|Any CPU.ActiveCfg = Debug|Any CPU
		{41E6379A-3539-4FA0-947E-A15ACD0187FB}.Debug|Any CPU.Build.0 = Debug|Any CPU
		{41E6379A-3539-4FA0-947E-A15ACD0187FB}.Release|Any CPU.ActiveCfg = Release|Any CPU
		{41E6379A-3539-4FA0-947E-A15ACD0187FB}.Release|Any CPU.Build.0 = Release|Any CPU
		{2D35DD2B-F8B4-40E8-9440-B47310F41A01}.Debug|Any CPU.ActiveCfg = Debug|Any CPU
		{2D35DD2B-F8B4-40E8-9440-B47310F41A01}.Debug|Any CPU.Build.0 = Debug|Any CPU
		{2D35DD2B-F8B4-40E8-9440-B47310F41A01}.Release|Any CPU.ActiveCfg = Release|Any CPU
		{2D35DD2B-F8B4-40E8-9440-B47310F41A01}.Release|Any CPU.Build.0 = Release|Any CPU
		{B6B4D41B-7AF0-4436-A03C-E8CD86CAA6B3}.Debug|Any CPU.ActiveCfg = Debug|Any CPU
		{B6B4D41B-7AF0-4436-A03C-E8CD86CAA6B3}.Debug|Any CPU.Build.0 = Debug|Any CPU
		{B6B4D41B-7AF0-4436-A03C-E8CD86CAA6B3}.Release|Any CPU.ActiveCfg = Release|Any CPU
		{B6B4D41B-7AF0-4436-A03C-E8CD86CAA6B3}.Release|Any CPU.Build.0 = Release|Any CPU
	EndGlobalSection
	GlobalSection(SolutionProperties) = preSolution
		HideSolutionNode = FALSE
	EndGlobalSection
	GlobalSection(NestedProjects) = preSolution
		{EE6FB68C-3EA1-42D9-AE0D-989D47170DA0} = {1DC6581A-56E6-4D33-B5FC-EEBDA2F80229}
		{C903BAA4-F0AA-4D76-BBB1-A9F28B1A5405} = {A1DB7A59-7FEA-4BF3-8DC5-1AEA653789CD}
		{00D30BBB-1362-4A9F-8A16-03875659B749} = {27E712BA-F248-420F-9EF3-31B887683C44}
		{F12CD0BB-39FE-4DF6-BF0E-E1D362E02364} = {27E712BA-F248-420F-9EF3-31B887683C44}
		{9EDD555F-EF2C-46E3-977D-15D48981BFB3} = {27E712BA-F248-420F-9EF3-31B887683C44}
		{0D12D1D6-C866-441B-9895-54A89FC7F14F} = {27E712BA-F248-420F-9EF3-31B887683C44}
		{DF7C394E-AFFC-4A40-8AB7-7705176C80FE} = {37A4F89D-5940-451A-8B3A-D1E406C41AD8}
		{EC938B80-1B56-4DE3-84E6-DDB50E6DB415} = {A1DB7A59-7FEA-4BF3-8DC5-1AEA653789CD}
		{AB73905C-BD81-4397-AD77-D0238330CC31} = {A1DB7A59-7FEA-4BF3-8DC5-1AEA653789CD}
		{6D096333-FFC8-4A78-ADEA-139219F22644} = {27E712BA-F248-420F-9EF3-31B887683C44}
		{FCBA864C-1F68-4EB5-B987-D040CA10A448} = {A1DB7A59-7FEA-4BF3-8DC5-1AEA653789CD}
		{C921406E-A9CC-46AE-AAAA-60B955766D45} = {A1DB7A59-7FEA-4BF3-8DC5-1AEA653789CD}
		{A02C435E-A822-45B8-8419-FE3B7D26BE90} = {27E712BA-F248-420F-9EF3-31B887683C44}
		{41E6379A-3539-4FA0-947E-A15ACD0187FB} = {1DC6581A-56E6-4D33-B5FC-EEBDA2F80229}
		{2D35DD2B-F8B4-40E8-9440-B47310F41A01} = {1DC6581A-56E6-4D33-B5FC-EEBDA2F80229}
		{B6B4D41B-7AF0-4436-A03C-E8CD86CAA6B3} = {1DC6581A-56E6-4D33-B5FC-EEBDA2F80229}
	EndGlobalSection
	GlobalSection(ExtensibilityGlobals) = postSolution
		SolutionGuid = {9C067AB8-96D4-4173-842B-5B15322B9753}
	EndGlobalSection
EndGlobal
